
Microsoft Visual Studio Solution File, Format Version 12.00
# Visual Studio 15
VisualStudioVersion = 15.0.28307.1267
MinimumVisualStudioVersion = 10.0.40219.1
Project("{FAE04EC0-301F-11D3-BF4B-00C04F79EFBC}") = "ServerCodeRest_019_HanifFauzanAlbana", "ServerCodeRest_019_HanifFauzanAlbana\ServerCodeRest_019_HanifFauzanAlbana.csproj", "{F8F452C5-9B56-42D5-AFA7-DCA941E8B18C}"
EndProject
Global
	GlobalSection(SolutionConfigurationPlatforms) = preSolution
		Debug|Any CPU = Debug|Any CPU
		Release|Any CPU = Release|Any CPU
	EndGlobalSection
	GlobalSection(ProjectConfigurationPlatforms) = postSolution
		{F8F452C5-9B56-42D5-AFA7-DCA941E8B18C}.Debug|Any CPU.ActiveCfg = Debug|Any CPU
		{F8F452C5-9B56-42D5-AFA7-DCA941E8B18C}.Debug|Any CPU.Build.0 = Debug|Any CPU
		{F8F452C5-9B56-42D5-AFA7-DCA941E8B18C}.Release|Any CPU.ActiveCfg = Release|Any CPU
		{F8F452C5-9B56-42D5-AFA7-DCA941E8B18C}.Release|Any CPU.Build.0 = Release|Any CPU
	EndGlobalSection
	GlobalSection(SolutionProperties) = preSolution
		HideSolutionNode = FALSE
	EndGlobalSection
	GlobalSection(ExtensibilityGlobals) = postSolution
		SolutionGuid = {E4DE21B4-B6D6-4E24-BAB0-769FF4F11FBF}
	EndGlobalSection
EndGlobal
